
Microsoft Visual Studio Solution File, Format Version 12.00
# Visual Studio 15
VisualStudioVersion = 15.0.28307.902
MinimumVisualStudioVersion = 10.0.40219.1
Project("{FAE04EC0-301F-11D3-BF4B-00C04F79EFBC}") = "MiniWikiApp.Android", "MiniWikiApp\MiniWikiApp.Android\MiniWikiApp.Android.csproj", "{8222A5C9-BDBE-4D41-B0D1-C142079D0D40}"
EndProject
Project("{FAE04EC0-301F-11D3-BF4B-00C04F79EFBC}") = "MiniWikiApp.iOS", "MiniWikiApp\MiniWikiApp.iOS\MiniWikiApp.iOS.csproj", "{DE744990-2B20-48F4-81B1-9C65781173EE}"
EndProject
Project("{FAE04EC0-301F-11D3-BF4B-00C04F79EFBC}") = "MiniWikiApp.UWP", "MiniWikiApp\MiniWikiApp.UWP\MiniWikiApp.UWP.csproj", "{35B58D17-3FDE-43E0-B8C7-3F5D391E3873}"
EndProject
Project("{9A19103F-16F7-4668-BE54-9A1E7A4F7556}") = "MiniWikiApp", "MiniWikiApp\MiniWikiApp\MiniWikiApp.csproj", "{C246B654-35D6-48ED-A862-05E80D05FD65}"
EndProject
Global
	GlobalSection(SolutionConfigurationPlatforms) = preSolution
		Ad-Hoc|Any CPU = Ad-Hoc|Any CPU
		Ad-Hoc|ARM = Ad-Hoc|ARM
		Ad-Hoc|iPhone = Ad-Hoc|iPhone
		Ad-Hoc|iPhoneSimulator = Ad-Hoc|iPhoneSimulator
		Ad-Hoc|x64 = Ad-Hoc|x64
		Ad-Hoc|x86 = Ad-Hoc|x86
		AppStore|Any CPU = AppStore|Any CPU
		AppStore|ARM = AppStore|ARM
		AppStore|iPhone = AppStore|iPhone
		AppStore|iPhoneSimulator = AppStore|iPhoneSimulator
		AppStore|x64 = AppStore|x64
		AppStore|x86 = AppStore|x86
		Debug|Any CPU = Debug|Any CPU
		Debug|ARM = Debug|ARM
		Debug|iPhone = Debug|iPhone
		Debug|iPhoneSimulator = Debug|iPhoneSimulator
		Debug|x64 = Debug|x64
		Debug|x86 = Debug|x86
		Release|Any CPU = Release|Any CPU
		Release|ARM = Release|ARM
		Release|iPhone = Release|iPhone
		Release|iPhoneSimulator = Release|iPhoneSimulator
		Release|x64 = Release|x64
		Release|x86 = Release|x86
	EndGlobalSection
	GlobalSection(ProjectConfigurationPlatforms) = postSolution
		{8222A5C9-BDBE-4D41-B0D1-C142079D0D40}.Ad-Hoc|Any CPU.ActiveCfg = Release|Any CPU
		{8222A5C9-BDBE-4D41-B0D1-C142079D0D40}.Ad-Hoc|Any CPU.Build.0 = Release|Any CPU
		{8222A5C9-BDBE-4D41-B0D1-C142079D0D40}.Ad-Hoc|Any CPU.Deploy.0 = Release|Any CPU
		{8222A5C9-BDBE-4D41-B0D1-C142079D0D40}.Ad-Hoc|ARM.ActiveCfg = Release|Any CPU
		{8222A5C9-BDBE-4D41-B0D1-C142079D0D40}.Ad-Hoc|ARM.Build.0 = Release|Any CPU
		{8222A5C9-BDBE-4D41-B0D1-C142079D0D40}.Ad-Hoc|ARM.Deploy.0 = Release|Any CPU
		{8222A5C9-BDBE-4D41-B0D1-C142079D0D40}.Ad-Hoc|iPhone.ActiveCfg = Release|Any CPU
		{8222A5C9-BDBE-4D41-B0D1-C142079D0D40}.Ad-Hoc|iPhone.Build.0 = Release|Any CPU
		{8222A5C9-BDBE-4D41-B0D1-C142079D0D40}.Ad-Hoc|iPhone.Deploy.0 = Release|Any CPU
		{8222A5C9-BDBE-4D41-B0D1-C142079D0D40}.Ad-Hoc|iPhoneSimulator.ActiveCfg = Release|Any CPU
		{8222A5C9-BDBE-4D41-B0D1-C142079D0D40}.Ad-Hoc|iPhoneSimulator.Build.0 = Release|Any CPU
		{8222A5C9-BDBE-4D41-B0D1-C142079D0D40}.Ad-Hoc|iPhoneSimulator.Deploy.0 = Release|Any CPU
		{8222A5C9-BDBE-4D41-B0D1-C142079D0D40}.Ad-Hoc|x64.ActiveCfg = Release|Any CPU
		{8222A5C9-BDBE-4D41-B0D1-C142079D0D40}.Ad-Hoc|x64.Build.0 = Release|Any CPU
		{8222A5C9-BDBE-4D41-B0D1-C142079D0D40}.Ad-Hoc|x64.Deploy.0 = Release|Any CPU
		{8222A5C9-BDBE-4D41-B0D1-C142079D0D40}.Ad-Hoc|x86.ActiveCfg = Release|Any CPU
		{8222A5C9-BDBE-4D41-B0D1-C142079D0D40}.Ad-Hoc|x86.Build.0 = Release|Any CPU
		{8222A5C9-BDBE-4D41-B0D1-C142079D0D40}.Ad-Hoc|x86.Deploy.0 = Release|Any CPU
		{8222A5C9-BDBE-4D41-B0D1-C142079D0D40}.AppStore|Any CPU.ActiveCfg = Release|Any CPU
		{8222A5C9-BDBE-4D41-B0D1-C142079D0D40}.AppStore|Any CPU.Build.0 = Release|Any CPU
		{8222A5C9-BDBE-4D41-B0D1-C142079D0D40}.AppStore|Any CPU.Deploy.0 = Release|Any CPU
		{8222A5C9-BDBE-4D41-B0D1-C142079D0D40}.AppStore|ARM.ActiveCfg = Release|Any CPU
		{8222A5C9-BDBE-4D41-B0D1-C142079D0D40}.AppStore|ARM.Build.0 = Release|Any CPU
		{8222A5C9-BDBE-4D41-B0D1-C142079D0D40}.AppStore|ARM.Deploy.0 = Release|Any CPU
		{8222A5C9-BDBE-4D41-B0D1-C142079D0D40}.AppStore|iPhone.ActiveCfg = Release|Any CPU
		{8222A5C9-BDBE-4D41-B0D1-C142079D0D40}.AppStore|iPhone.Build.0 = Release|Any CPU
		{8222A5C9-BDBE-4D41-B0D1-C142079D0D40}.AppStore|iPhone.Deploy.0 = Release|Any CPU
		{8222A5C9-BDBE-4D41-B0D1-C142079D0D40}.AppStore|iPhoneSimulator.ActiveCfg = Release|Any CPU
		{8222A5C9-BDBE-4D41-B0D1-C142079D0D40}.AppStore|iPhoneSimulator.Build.0 = Release|Any CPU
		{8222A5C9-BDBE-4D41-B0D1-C142079D0D40}.AppStore|iPhoneSimulator.Deploy.0 = Release|Any CPU
		{8222A5C9-BDBE-4D41-B0D1-C142079D0D40}.AppStore|x64.ActiveCfg = Release|Any CPU
		{8222A5C9-BDBE-4D41-B0D1-C142079D0D40}.AppStore|x64.Build.0 = Release|Any CPU
		{8222A5C9-BDBE-4D41-B0D1-C142079D0D40}.AppStore|x64.Deploy.0 = Release|Any CPU
		{8222A5C9-BDBE-4D41-B0D1-C142079D0D40}.AppStore|x86.ActiveCfg = Release|Any CPU
		{8222A5C9-BDBE-4D41-B0D1-C142079D0D40}.AppStore|x86.Build.0 = Release|Any CPU
		{8222A5C9-BDBE-4D41-B0D1-C142079D0D40}.AppStore|x86.Deploy.0 = Release|Any CPU
		{8222A5C9-BDBE-4D41-B0D1-C142079D0D40}.Debug|Any CPU.ActiveCfg = Debug|Any CPU
		{8222A5C9-BDBE-4D41-B0D1-C142079D0D40}.Debug|Any CPU.Build.0 = Debug|Any CPU
		{8222A5C9-BDBE-4D41-B0D1-C142079D0D40}.Debug|Any CPU.Deploy.0 = Debug|Any CPU
		{8222A5C9-BDBE-4D41-B0D1-C142079D0D40}.Debug|ARM.ActiveCfg = Debug|Any CPU
		{8222A5C9-BDBE-4D41-B0D1-C142079D0D40}.Debug|ARM.Build.0 = Debug|Any CPU
		{8222A5C9-BDBE-4D41-B0D1-C142079D0D40}.Debug|ARM.Deploy.0 = Debug|Any CPU
		{8222A5C9-BDBE-4D41-B0D1-C142079D0D40}.Debug|iPhone.ActiveCfg = Debug|Any CPU
		{8222A5C9-BDBE-4D41-B0D1-C142079D0D40}.Debug|iPhone.Build.0 = Debug|Any CPU
		{8222A5C9-BDBE-4D41-B0D1-C142079D0D40}.Debug|iPhone.Deploy.0 = Debug|Any CPU
		{8222A5C9-BDBE-4D41-B0D1-C142079D0D40}.Debug|iPhoneSimulator.ActiveCfg = Debug|Any CPU
		{8222A5C9-BDBE-4D41-B0D1-C142079D0D40}.Debug|iPhoneSimulator.Build.0 = Debug|Any CPU
		{8222A5C9-BDBE-4D41-B0D1-C142079D0D40}.Debug|iPhoneSimulator.Deploy.0 = Debug|Any CPU
		{8222A5C9-BDBE-4D41-B0D1-C142079D0D40}.Debug|x64.ActiveCfg = Debug|Any CPU
		{8222A5C9-BDBE-4D41-B0D1-C142079D0D40}.Debug|x64.Build.0 = Debug|Any CPU
		{8222A5C9-BDBE-4D41-B0D1-C142079D0D40}.Debug|x64.Deploy.0 = Debug|Any CPU
		{8222A5C9-BDBE-4D41-B0D1-C142079D0D40}.Debug|x86.ActiveCfg = Debug|Any CPU
		{8222A5C9-BDBE-4D41-B0D1-C142079D0D40}.Debug|x86.Build.0 = Debug|Any CPU
		{8222A5C9-BDBE-4D41-B0D1-C142079D0D40}.Debug|x86.Deploy.0 = Debug|Any CPU
		{8222A5C9-BDBE-4D41-B0D1-C142079D0D40}.Release|Any CPU.ActiveCfg = Release|Any CPU
		{8222A5C9-BDBE-4D41-B0D1-C142079D0D40}.Release|Any CPU.Build.0 = Release|Any CPU
		{8222A5C9-BDBE-4D41-B0D1-C142079D0D40}.Release|Any CPU.Deploy.0 = Release|Any CPU
		{8222A5C9-BDBE-4D41-B0D1-C142079D0D40}.Release|ARM.ActiveCfg = Release|Any CPU
		{8222A5C9-BDBE-4D41-B0D1-C142079D0D40}.Release|ARM.Build.0 = Release|Any CPU
		{8222A5C9-BDBE-4D41-B0D1-C142079D0D40}.Release|ARM.Deploy.0 = Release|Any CPU
		{8222A5C9-BDBE-4D41-B0D1-C142079D0D40}.Release|iPhone.ActiveCfg = Release|Any CPU
		{8222A5C9-BDBE-4D41-B0D1-C142079D0D40}.Release|iPhone.Build.0 = Release|Any CPU
		{8222A5C9-BDBE-4D41-B0D1-C142079D0D40}.Release|iPhone.Deploy.0 = Release|Any CPU
		{8222A5C9-BDBE-4D41-B0D1-C142079D0D40}.Release|iPhoneSimulator.ActiveCfg = Release|Any CPU
		{8222A5C9-BDBE-4D41-B0D1-C142079D0D40}.Release|iPhoneSimulator.Build.0 = Release|Any CPU
		{8222A5C9-BDBE-4D41-B0D1-C142079D0D40}.Release|iPhoneSimulator.Deploy.0 = Release|Any CPU
		{8222A5C9-BDBE-4D41-B0D1-C142079D0D40}.Release|x64.ActiveCfg = Release|Any CPU
		{8222A5C9-BDBE-4D41-B0D1-C142079D0D40}.Release|x64.Build.0 = Release|Any CPU
		{8222A5C9-BDBE-4D41-B0D1-C142079D0D40}.Release|x64.Deploy.0 = Release|Any CPU
		{8222A5C9-BDBE-4D41-B0D1-C142079D0D40}.Release|x86.ActiveCfg = Release|Any CPU
		{8222A5C9-BDBE-4D41-B0D1-C142079D0D40}.Release|x86.Build.0 = Release|Any CPU
		{8222A5C9-BDBE-4D41-B0D1-C142079D0D40}.Release|x86.Deploy.0 = Release|Any CPU
		{DE744990-2B20-48F4-81B1-9C65781173EE}.Ad-Hoc|Any CPU.ActiveCfg = Ad-Hoc|iPhone
		{DE744990-2B20-48F4-81B1-9C65781173EE}.Ad-Hoc|Any CPU.Build.0 = Ad-Hoc|iPhone
		{DE744990-2B20-48F4-81B1-9C65781173EE}.Ad-Hoc|Any CPU.Deploy.0 = Ad-Hoc|iPhone
		{DE744990-2B20-48F4-81B1-9C65781173EE}.Ad-Hoc|ARM.ActiveCfg = Ad-Hoc|iPhone
		{DE744990-2B20-48F4-81B1-9C65781173EE}.Ad-Hoc|ARM.Build.0 = Ad-Hoc|iPhone
		{DE744990-2B20-48F4-81B1-9C65781173EE}.Ad-Hoc|ARM.Deploy.0 = Ad-Hoc|iPhone
		{DE744990-2B20-48F4-81B1-9C65781173EE}.Ad-Hoc|iPhone.ActiveCfg = Ad-Hoc|iPhone
		{DE744990-2B20-48F4-81B1-9C65781173EE}.Ad-Hoc|iPhone.Build.0 = Ad-Hoc|iPhone
		{DE744990-2B20-48F4-81B1-9C65781173EE}.Ad-Hoc|iPhone.Deploy.0 = Ad-Hoc|iPhone
		{DE744990-2B20-48F4-81B1-9C65781173EE}.Ad-Hoc|iPhoneSimulator.ActiveCfg = Ad-Hoc|iPhoneSimulator
		{DE744990-2B20-48F4-81B1-9C65781173EE}.Ad-Hoc|iPhoneSimulator.Build.0 = Ad-Hoc|iPhoneSimulator
		{DE744990-2B20-48F4-81B1-9C65781173EE}.Ad-Hoc|iPhoneSimulator.Deploy.0 = Ad-Hoc|iPhoneSimulator
		{DE744990-2B20-48F4-81B1-9C65781173EE}.Ad-Hoc|x64.ActiveCfg = Ad-Hoc|iPhone
		{DE744990-2B20-48F4-81B1-9C65781173EE}.Ad-Hoc|x64.Build.0 = Ad-Hoc|iPhone
		{DE744990-2B20-48F4-81B1-9C65781173EE}.Ad-Hoc|x64.Deploy.0 = Ad-Hoc|iPhone
		{DE744990-2B20-48F4-81B1-9C65781173EE}.Ad-Hoc|x86.ActiveCfg = Ad-Hoc|iPhone
		{DE744990-2B20-48F4-81B1-9C65781173EE}.Ad-Hoc|x86.Build.0 = Ad-Hoc|iPhone
		{DE744990-2B20-48F4-81B1-9C65781173EE}.Ad-Hoc|x86.Deploy.0 = Ad-Hoc|iPhone
		{DE744990-2B20-48F4-81B1-9C65781173EE}.AppStore|Any CPU.ActiveCfg = AppStore|iPhone
		{DE744990-2B20-48F4-81B1-9C65781173EE}.AppStore|Any CPU.Build.0 = AppStore|iPhone
		{DE744990-2B20-48F4-81B1-9C65781173EE}.AppStore|Any CPU.Deploy.0 = AppStore|iPhone
		{DE744990-2B20-48F4-81B1-9C65781173EE}.AppStore|ARM.ActiveCfg = AppStore|iPhone
		{DE744990-2B20-48F4-81B1-9C65781173EE}.AppStore|ARM.Build.0 = AppStore|iPhone
		{DE744990-2B20-48F4-81B1-9C65781173EE}.AppStore|ARM.Deploy.0 = AppStore|iPhone
		{DE744990-2B20-48F4-81B1-9C65781173EE}.AppStore|iPhone.ActiveCfg = AppStore|iPhone
		{DE744990-2B20-48F4-81B1-9C65781173EE}.AppStore|iPhone.Build.0 = AppStore|iPhone
		{DE744990-2B20-48F4-81B1-9C65781173EE}.AppStore|iPhone.Deploy.0 = AppStore|iPhone
		{DE744990-2B20-48F4-81B1-9C65781173EE}.AppStore|iPhoneSimulator.ActiveCfg = AppStore|iPhoneSimulator
		{DE744990-2B20-48F4-81B1-9C65781173EE}.AppStore|iPhoneSimulator.Build.0 = AppStore|iPhoneSimulator
		{DE744990-2B20-48F4-81B1-9C65781173EE}.AppStore|iPhoneSimulator.Deploy.0 = AppStore|iPhoneSimulator
		{DE744990-2B20-48F4-81B1-9C65781173EE}.AppStore|x64.ActiveCfg = AppStore|iPhone
		{DE744990-2B20-48F4-81B1-9C65781173EE}.AppStore|x64.Build.0 = AppStore|iPhone
		{DE744990-2B20-48F4-81B1-9C65781173EE}.AppStore|x64.Deploy.0 = AppStore|iPhone
		{DE744990-2B20-48F4-81B1-9C65781173EE}.AppStore|x86.ActiveCfg = AppStore|iPhone
		{DE744990-2B20-48F4-81B1-9C65781173EE}.AppStore|x86.Build.0 = AppStore|iPhone
		{DE744990-2B20-48F4-81B1-9C65781173EE}.AppStore|x86.Deploy.0 = AppStore|iPhone
		{DE744990-2B20-48F4-81B1-9C65781173EE}.Debug|Any CPU.ActiveCfg = Debug|iPhoneSimulator
		{DE744990-2B20-48F4-81B1-9C65781173EE}.Debug|Any CPU.Build.0 = Debug|iPhoneSimulator
		{DE744990-2B20-48F4-81B1-9C65781173EE}.Debug|Any CPU.Deploy.0 = Debug|iPhoneSimulator
		{DE744990-2B20-48F4-81B1-9C65781173EE}.Debug|ARM.ActiveCfg = Debug|iPhone
		{DE744990-2B20-48F4-81B1-9C65781173EE}.Debug|ARM.Build.0 = Debug|iPhone
		{DE744990-2B20-48F4-81B1-9C65781173EE}.Debug|ARM.Deploy.0 = Debug|iPhone
		{DE744990-2B20-48F4-81B1-9C65781173EE}.Debug|iPhone.ActiveCfg = Debug|iPhone
		{DE744990-2B20-48F4-81B1-9C65781173EE}.Debug|iPhone.Build.0 = Debug|iPhone
		{DE744990-2B20-48F4-81B1-9C65781173EE}.Debug|iPhone.Deploy.0 = Debug|iPhone
		{DE744990-2B20-48F4-81B1-9C65781173EE}.Debug|iPhoneSimulator.ActiveCfg = Debug|iPhoneSimulator
		{DE744990-2B20-48F4-81B1-9C65781173EE}.Debug|iPhoneSimulator.Build.0 = Debug|iPhoneSimulator
		{DE744990-2B20-48F4-81B1-9C65781173EE}.Debug|iPhoneSimulator.Deploy.0 = Debug|iPhoneSimulator
		{DE744990-2B20-48F4-81B1-9C65781173EE}.Debug|x64.ActiveCfg = Debug|iPhone
		{DE744990-2B20-48F4-81B1-9C65781173EE}.Debug|x64.Build.0 = Debug|iPhone
		{DE744990-2B20-48F4-81B1-9C65781173EE}.Debug|x64.Deploy.0 = Debug|iPhone
		{DE744990-2B20-48F4-81B1-9C65781173EE}.Debug|x86.ActiveCfg = Debug|iPhone
		{DE744990-2B20-48F4-81B1-9C65781173EE}.Debug|x86.Build.0 = Debug|iPhone
		{DE744990-2B20-48F4-81B1-9C65781173EE}.Debug|x86.Deploy.0 = Debug|iPhone
		{DE744990-2B20-48F4-81B1-9C65781173EE}.Release|Any CPU.ActiveCfg = Release|iPhone
		{DE744990-2B20-48F4-81B1-9C65781173EE}.Release|Any CPU.Build.0 = Release|iPhone
		{DE744990-2B20-48F4-81B1-9C65781173EE}.Release|Any CPU.Deploy.0 = Release|iPhone
		{DE744990-2B20-48F4-81B1-9C65781173EE}.Release|ARM.ActiveCfg = Release|iPhone
		{DE744990-2B20-48F4-81B1-9C65781173EE}.Release|ARM.Build.0 = Release|iPhone
		{DE744990-2B20-48F4-81B1-9C65781173EE}.Release|ARM.Deploy.0 = Release|iPhone
		{DE744990-2B20-48F4-81B1-9C65781173EE}.Release|iPhone.ActiveCfg = Release|iPhone
		{DE744990-2B20-48F4-81B1-9C65781173EE}.Release|iPhone.Build.0 = Release|iPhone
		{DE744990-2B20-48F4-81B1-9C65781173EE}.Release|iPhone.Deploy.0 = Release|iPhone
		{DE744990-2B20-48F4-81B1-9C65781173EE}.Release|iPhoneSimulator.ActiveCfg = Release|iPhoneSimulator
		{DE744990-2B20-48F4-81B1-9C65781173EE}.Release|iPhoneSimulator.Build.0 = Release|iPhoneSimulator
		{DE744990-2B20-48F4-81B1-9C65781173EE}.Release|iPhoneSimulator.Deploy.0 = Release|iPhoneSimulator
		{DE744990-2B20-48F4-81B1-9C65781173EE}.Release|x64.ActiveCfg = Release|iPhone
		{DE744990-2B20-48F4-81B1-9C65781173EE}.Release|x64.Build.0 = Release|iPhone
		{DE744990-2B20-48F4-81B1-9C65781173EE}.Release|x64.Deploy.0 = Release|iPhone
		{DE744990-2B20-48F4-81B1-9C65781173EE}.Release|x86.ActiveCfg = Release|iPhone
		{DE744990-2B20-48F4-81B1-9C65781173EE}.Release|x86.Build.0 = Release|iPhone
		{DE744990-2B20-48F4-81B1-9C65781173EE}.Release|x86.Deploy.0 = Release|iPhone
		{35B58D17-3FDE-43E0-B8C7-3F5D391E3873}.Ad-Hoc|Any CPU.ActiveCfg = Release|x86
		{35B58D17-3FDE-43E0-B8C7-3F5D391E3873}.Ad-Hoc|Any CPU.Build.0 = Release|x86
		{35B58D17-3FDE-43E0-B8C7-3F5D391E3873}.Ad-Hoc|Any CPU.Deploy.0 = Release|x86
		{35B58D17-3FDE-43E0-B8C7-3F5D391E3873}.Ad-Hoc|ARM.ActiveCfg = Release|ARM
		{35B58D17-3FDE-43E0-B8C7-3F5D391E3873}.Ad-Hoc|ARM.Build.0 = Release|ARM
		{35B58D17-3FDE-43E0-B8C7-3F5D391E3873}.Ad-Hoc|ARM.Deploy.0 = Release|ARM
		{35B58D17-3FDE-43E0-B8C7-3F5D391E3873}.Ad-Hoc|iPhone.ActiveCfg = Release|x86
		{35B58D17-3FDE-43E0-B8C7-3F5D391E3873}.Ad-Hoc|iPhone.Build.0 = Release|x86
		{35B58D17-3FDE-43E0-B8C7-3F5D391E3873}.Ad-Hoc|iPhone.Deploy.0 = Release|x86
		{35B58D17-3FDE-43E0-B8C7-3F5D391E3873}.Ad-Hoc|iPhoneSimulator.ActiveCfg = Release|x86
		{35B58D17-3FDE-43E0-B8C7-3F5D391E3873}.Ad-Hoc|iPhoneSimulator.Build.0 = Release|x86
		{35B58D17-3FDE-43E0-B8C7-3F5D391E3873}.Ad-Hoc|iPhoneSimulator.Deploy.0 = Release|x86
		{35B58D17-3FDE-43E0-B8C7-3F5D391E3873}.Ad-Hoc|x64.ActiveCfg = Release|x64
		{35B58D17-3FDE-43E0-B8C7-3F5D391E3873}.Ad-Hoc|x64.Build.0 = Release|x64
		{35B58D17-3FDE-43E0-B8C7-3F5D391E3873}.Ad-Hoc|x64.Deploy.0 = Release|x64
		{35B58D17-3FDE-43E0-B8C7-3F5D391E3873}.Ad-Hoc|x86.ActiveCfg = Release|x86
		{35B58D17-3FDE-43E0-B8C7-3F5D391E3873}.Ad-Hoc|x86.Build.0 = Release|x86
		{35B58D17-3FDE-43E0-B8C7-3F5D391E3873}.Ad-Hoc|x86.Deploy.0 = Release|x86
		{35B58D17-3FDE-43E0-B8C7-3F5D391E3873}.AppStore|Any CPU.ActiveCfg = Release|x86
		{35B58D17-3FDE-43E0-B8C7-3F5D391E3873}.AppStore|Any CPU.Build.0 = Release|x86
		{35B58D17-3FDE-43E0-B8C7-3F5D391E3873}.AppStore|Any CPU.Deploy.0 = Release|x86
		{35B58D17-3FDE-43E0-B8C7-3F5D391E3873}.AppStore|ARM.ActiveCfg = Release|ARM
		{35B58D17-3FDE-43E0-B8C7-3F5D391E3873}.AppStore|ARM.Build.0 = Release|ARM
		{35B58D17-3FDE-43E0-B8C7-3F5D391E3873}.AppStore|ARM.Deploy.0 = Release|ARM
		{35B58D17-3FDE-43E0-B8C7-3F5D391E3873}.AppStore|iPhone.ActiveCfg = Release|x86
		{35B58D17-3FDE-43E0-B8C7-3F5D391E3873}.AppStore|iPhone.Build.0 = Release|x86
		{35B58D17-3FDE-43E0-B8C7-3F5D391E3873}.AppStore|iPhone.Deploy.0 = Release|x86
		{35B58D17-3FDE-43E0-B8C7-3F5D391E3873}.AppStore|iPhoneSimulator.ActiveCfg = Release|x86
		{35B58D17-3FDE-43E0-B8C7-3F5D391E3873}.AppStore|iPhoneSimulator.Build.0 = Release|x86
		{35B58D17-3FDE-43E0-B8C7-3F5D391E3873}.AppStore|iPhoneSimulator.Deploy.0 = Release|x86
		{35B58D17-3FDE-43E0-B8C7-3F5D391E3873}.AppStore|x64.ActiveCfg = Release|x64
		{35B58D17-3FDE-43E0-B8C7-3F5D391E3873}.AppStore|x64.Build.0 = Release|x64
		{35B58D17-3FDE-43E0-B8C7-3F5D391E3873}.AppStore|x64.Deploy.0 = Release|x64
		{35B58D17-3FDE-43E0-B8C7-3F5D391E3873}.AppStore|x86.ActiveCfg = Release|x86
		{35B58D17-3FDE-43E0-B8C7-3F5D391E3873}.AppStore|x86.Build.0 = Release|x86
		{35B58D17-3FDE-43E0-B8C7-3F5D391E3873}.AppStore|x86.Deploy.0 = Release|x86
		{35B58D17-3FDE-43E0-B8C7-3F5D391E3873}.Debug|Any CPU.ActiveCfg = Debug|x86
		{35B58D17-3FDE-43E0-B8C7-3F5D391E3873}.Debug|Any CPU.Build.0 = Debug|x86
		{35B58D17-3FDE-43E0-B8C7-3F5D391E3873}.Debug|Any CPU.Deploy.0 = Debug|x86
		{35B58D17-3FDE-43E0-B8C7-3F5D391E3873}.Debug|ARM.ActiveCfg = Debug|ARM
		{35B58D17-3FDE-43E0-B8C7-3F5D391E3873}.Debug|ARM.Build.0 = Debug|ARM
		{35B58D17-3FDE-43E0-B8C7-3F5D391E3873}.Debug|ARM.Deploy.0 = Debug|ARM
		{35B58D17-3FDE-43E0-B8C7-3F5D391E3873}.Debug|iPhone.ActiveCfg = Debug|x86
		{35B58D17-3FDE-43E0-B8C7-3F5D391E3873}.Debug|iPhone.Build.0 = Debug|x86
		{35B58D17-3FDE-43E0-B8C7-3F5D391E3873}.Debug|iPhone.Deploy.0 = Debug|x86
		{35B58D17-3FDE-43E0-B8C7-3F5D391E3873}.Debug|iPhoneSimulator.ActiveCfg = Debug|x86
		{35B58D17-3FDE-43E0-B8C7-3F5D391E3873}.Debug|iPhoneSimulator.Build.0 = Debug|x86
		{35B58D17-3FDE-43E0-B8C7-3F5D391E3873}.Debug|iPhoneSimulator.Deploy.0 = Debug|x86
		{35B58D17-3FDE-43E0-B8C7-3F5D391E3873}.Debug|x64.ActiveCfg = Debug|x64
		{35B58D17-3FDE-43E0-B8C7-3F5D391E3873}.Debug|x64.Build.0 = Debug|x64
		{35B58D17-3FDE-43E0-B8C7-3F5D391E3873}.Debug|x64.Deploy.0 = Debug|x64
		{35B58D17-3FDE-43E0-B8C7-3F5D391E3873}.Debug|x86.ActiveCfg = Debug|x86
		{35B58D17-3FDE-43E0-B8C7-3F5D391E3873}.Debug|x86.Build.0 = Debug|x86
		{35B58D17-3FDE-43E0-B8C7-3F5D391E3873}.Debug|x86.Deploy.0 = Debug|x86
		{35B58D17-3FDE-43E0-B8C7-3F5D391E3873}.Release|Any CPU.ActiveCfg = Release|x86
		{35B58D17-3FDE-43E0-B8C7-3F5D391E3873}.Release|Any CPU.Build.0 = Release|x86
		{35B58D17-3FDE-43E0-B8C7-3F5D391E3873}.Release|Any CPU.Deploy.0 = Release|x86
		{35B58D17-3FDE-43E0-B8C7-3F5D391E3873}.Release|ARM.ActiveCfg = Release|ARM
		{35B58D17-3FDE-43E0-B8C7-3F5D391E3873}.Release|ARM.Build.0 = Release|ARM
		{35B58D17-3FDE-43E0-B8C7-3F5D391E3873}.Release|ARM.Deploy.0 = Release|ARM
		{35B58D17-3FDE-43E0-B8C7-3F5D391E3873}.Release|iPhone.ActiveCfg = Release|x86
		{35B58D17-3FDE-43E0-B8C7-3F5D391E3873}.Release|iPhone.Build.0 = Release|x86
		{35B58D17-3FDE-43E0-B8C7-3F5D391E3873}.Release|iPhone.Deploy.0 = Release|x86
		{35B58D17-3FDE-43E0-B8C7-3F5D391E3873}.Release|iPhoneSimulator.ActiveCfg = Release|x86
		{35B58D17-3FDE-43E0-B8C7-3F5D391E3873}.Release|iPhoneSimulator.Build.0 = Release|x86
		{35B58D17-3FDE-43E0-B8C7-3F5D391E3873}.Release|iPhoneSimulator.Deploy.0 = Release|x86
		{35B58D17-3FDE-43E0-B8C7-3F5D391E3873}.Release|x64.ActiveCfg = Release|x64
		{35B58D17-3FDE-43E0-B8C7-3F5D391E3873}.Release|x64.Build.0 = Release|x64
		{35B58D17-3FDE-43E0-B8C7-3F5D391E3873}.Release|x64.Deploy.0 = Release|x64
		{35B58D17-3FDE-43E0-B8C7-3F5D391E3873}.Release|x86.ActiveCfg = Release|x86
		{35B58D17-3FDE-43E0-B8C7-3F5D391E3873}.Release|x86.Build.0 = Release|x86
		{35B58D17-3FDE-43E0-B8C7-3F5D391E3873}.Release|x86.Deploy.0 = Release|x86
		{C246B654-35D6-48ED-A862-05E80D05FD65}.Ad-Hoc|Any CPU.ActiveCfg = Debug|Any CPU
		{C246B654-35D6-48ED-A862-05E80D05FD65}.Ad-Hoc|Any CPU.Build.0 = Debug|Any CPU
		{C246B654-35D6-48ED-A862-05E80D05FD65}.Ad-Hoc|Any CPU.Deploy.0 = Debug|Any CPU
		{C246B654-35D6-48ED-A862-05E80D05FD65}.Ad-Hoc|ARM.ActiveCfg = Debug|Any CPU
		{C246B654-35D6-48ED-A862-05E80D05FD65}.Ad-Hoc|ARM.Build.0 = Debug|Any CPU
		{C246B654-35D6-48ED-A862-05E80D05FD65}.Ad-Hoc|ARM.Deploy.0 = Debug|Any CPU
		{C246B654-35D6-48ED-A862-05E80D05FD65}.Ad-Hoc|iPhone.ActiveCfg = Debug|Any CPU
		{C246B654-35D6-48ED-A862-05E80D05FD65}.Ad-Hoc|iPhone.Build.0 = Debug|Any CPU
		{C246B654-35D6-48ED-A862-05E80D05FD65}.Ad-Hoc|iPhone.Deploy.0 = Debug|Any CPU
		{C246B654-35D6-48ED-A862-05E80D05FD65}.Ad-Hoc|iPhoneSimulator.ActiveCfg = Debug|Any CPU
		{C246B654-35D6-48ED-A862-05E80D05FD65}.Ad-Hoc|iPhoneSimulator.Build.0 = Debug|Any CPU
		{C246B654-35D6-48ED-A862-05E80D05FD65}.Ad-Hoc|iPhoneSimulator.Deploy.0 = Debug|Any CPU
		{C246B654-35D6-48ED-A862-05E80D05FD65}.Ad-Hoc|x64.ActiveCfg = Debug|Any CPU
		{C246B654-35D6-48ED-A862-05E80D05FD65}.Ad-Hoc|x64.Build.0 = Debug|Any CPU
		{C246B654-35D6-48ED-A862-05E80D05FD65}.Ad-Hoc|x64.Deploy.0 = Debug|Any CPU
		{C246B654-35D6-48ED-A862-05E80D05FD65}.Ad-Hoc|x86.ActiveCfg = Debug|Any CPU
		{C246B654-35D6-48ED-A862-05E80D05FD65}.Ad-Hoc|x86.Build.0 = Debug|Any CPU
		{C246B654-35D6-48ED-A862-05E80D05FD65}.Ad-Hoc|x86.Deploy.0 = Debug|Any CPU
		{C246B654-35D6-48ED-A862-05E80D05FD65}.AppStore|Any CPU.ActiveCfg = Debug|Any CPU
		{C246B654-35D6-48ED-A862-05E80D05FD65}.AppStore|Any CPU.Build.0 = Debug|Any CPU
		{C246B654-35D6-48ED-A862-05E80D05FD65}.AppStore|Any CPU.Deploy.0 = Debug|Any CPU
		{C246B654-35D6-48ED-A862-05E80D05FD65}.AppStore|ARM.ActiveCfg = Debug|Any CPU
		{C246B654-35D6-48ED-A862-05E80D05FD65}.AppStore|ARM.Build.0 = Debug|Any CPU
		{C246B654-35D6-48ED-A862-05E80D05FD65}.AppStore|ARM.Deploy.0 = Debug|Any CPU
		{C246B654-35D6-48ED-A862-05E80D05FD65}.AppStore|iPhone.ActiveCfg = Debug|Any CPU
		{C246B654-35D6-48ED-A862-05E80D05FD65}.AppStore|iPhone.Build.0 = Debug|Any CPU
		{C246B654-35D6-48ED-A862-05E80D05FD65}.AppStore|iPhone.Deploy.0 = Debug|Any CPU
		{C246B654-35D6-48ED-A862-05E80D05FD65}.AppStore|iPhoneSimulator.ActiveCfg = Debug|Any CPU
		{C246B654-35D6-48ED-A862-05E80D05FD65}.AppStore|iPhoneSimulator.Build.0 = Debug|Any CPU
		{C246B654-35D6-48ED-A862-05E80D05FD65}.AppStore|iPhoneSimulator.Deploy.0 = Debug|Any CPU
		{C246B654-35D6-48ED-A862-05E80D05FD65}.AppStore|x64.ActiveCfg = Debug|Any CPU
		{C246B654-35D6-48ED-A862-05E80D05FD65}.AppStore|x64.Build.0 = Debug|Any CPU
		{C246B654-35D6-48ED-A862-05E80D05FD65}.AppStore|x64.Deploy.0 = Debug|Any CPU
		{C246B654-35D6-48ED-A862-05E80D05FD65}.AppStore|x86.ActiveCfg = Debug|Any CPU
		{C246B654-35D6-48ED-A862-05E80D05FD65}.AppStore|x86.Build.0 = Debug|Any CPU
		{C246B654-35D6-48ED-A862-05E80D05FD65}.AppStore|x86.Deploy.0 = Debug|Any CPU
		{C246B654-35D6-48ED-A862-05E80D05FD65}.Debug|Any CPU.ActiveCfg = Debug|Any CPU
		{C246B654-35D6-48ED-A862-05E80D05FD65}.Debug|Any CPU.Build.0 = Debug|Any CPU
		{C246B654-35D6-48ED-A862-05E80D05FD65}.Debug|Any CPU.Deploy.0 = Debug|Any CPU
		{C246B654-35D6-48ED-A862-05E80D05FD65}.Debug|ARM.ActiveCfg = Debug|Any CPU
		{C246B654-35D6-48ED-A862-05E80D05FD65}.Debug|ARM.Build.0 = Debug|Any CPU
		{C246B654-35D6-48ED-A862-05E80D05FD65}.Debug|ARM.Deploy.0 = Debug|Any CPU
		{C246B654-35D6-48ED-A862-05E80D05FD65}.Debug|iPhone.ActiveCfg = Debug|Any CPU
		{C246B654-35D6-48ED-A862-05E80D05FD65}.Debug|iPhone.Build.0 = Debug|Any CPU
		{C246B654-35D6-48ED-A862-05E80D05FD65}.Debug|iPhone.Deploy.0 = Debug|Any CPU
		{C246B654-35D6-48ED-A862-05E80D05FD65}.Debug|iPhoneSimulator.ActiveCfg = Debug|Any CPU
		{C246B654-35D6-48ED-A862-05E80D05FD65}.Debug|iPhoneSimulator.Build.0 = Debug|Any CPU
		{C246B654-35D6-48ED-A862-05E80D05FD65}.Debug|iPhoneSimulator.Deploy.0 = Debug|Any CPU
		{C246B654-35D6-48ED-A862-05E80D05FD65}.Debug|x64.ActiveCfg = Debug|Any CPU
		{C246B654-35D6-48ED-A862-05E80D05FD65}.Debug|x64.Build.0 = Debug|Any CPU
		{C246B654-35D6-48ED-A862-05E80D05FD65}.Debug|x64.Deploy.0 = Debug|Any CPU
		{C246B654-35D6-48ED-A862-05E80D05FD65}.Debug|x86.ActiveCfg = Debug|Any CPU
		{C246B654-35D6-48ED-A862-05E80D05FD65}.Debug|x86.Build.0 = Debug|Any CPU
		{C246B654-35D6-48ED-A862-05E80D05FD65}.Debug|x86.Deploy.0 = Debug|Any CPU
		{C246B654-35D6-48ED-A862-05E80D05FD65}.Release|Any CPU.ActiveCfg = Release|Any CPU
		{C246B654-35D6-48ED-A862-05E80D05FD65}.Release|Any CPU.Build.0 = Release|Any CPU
		{C246B654-35D6-48ED-A862-05E80D05FD65}.Release|Any CPU.Deploy.0 = Release|Any CPU
		{C246B654-35D6-48ED-A862-05E80D05FD65}.Release|ARM.ActiveCfg = Release|Any CPU
		{C246B654-35D6-48ED-A862-05E80D05FD65}.Release|ARM.Build.0 = Release|Any CPU
		{C246B654-35D6-48ED-A862-05E80D05FD65}.Release|ARM.Deploy.0 = Release|Any CPU
		{C246B654-35D6-48ED-A862-05E80D05FD65}.Release|iPhone.ActiveCfg = Release|Any CPU
		{C246B654-35D6-48ED-A862-05E80D05FD65}.Release|iPhone.Build.0 = Release|Any CPU
		{C246B654-35D6-48ED-A862-05E80D05FD65}.Release|iPhone.Deploy.0 = Release|Any CPU
		{C246B654-35D6-48ED-A862-05E80D05FD65}.Release|iPhoneSimulator.ActiveCfg = Release|Any CPU
		{C246B654-35D6-48ED-A862-05E80D05FD65}.Release|iPhoneSimulator.Build.0 = Release|Any CPU
		{C246B654-35D6-48ED-A862-05E80D05FD65}.Release|iPhoneSimulator.Deploy.0 = Release|Any CPU
		{C246B654-35D6-48ED-A862-05E80D05FD65}.Release|x64.ActiveCfg = Release|Any CPU
		{C246B654-35D6-48ED-A862-05E80D05FD65}.Release|x64.Build.0 = Release|Any CPU
		{C246B654-35D6-48ED-A862-05E80D05FD65}.Release|x64.Deploy.0 = Release|Any CPU
		{C246B654-35D6-48ED-A862-05E80D05FD65}.Release|x86.ActiveCfg = Release|Any CPU
		{C246B654-35D6-48ED-A862-05E80D05FD65}.Release|x86.Build.0 = Release|Any CPU
		{C246B654-35D6-48ED-A862-05E80D05FD65}.Release|x86.Deploy.0 = Release|Any CPU
	EndGlobalSection
	GlobalSection(SolutionProperties) = preSolution
		HideSolutionNode = FALSE
	EndGlobalSection
	GlobalSection(ExtensibilityGlobals) = postSolution
		SolutionGuid = {B21094BD-746D-48BE-8B34-67BDCACB7724}
	EndGlobalSection
EndGlobal
